<?xml version="1.0" encoding="utf-8"?>
<Project ToolsVersion="4.0" xmlns="http://schemas.microsoft.com/developer/msbuild/2003">
  <ItemGroup>
    <ClInclude Include="framework.h" />
    <ClInclude Include="pch.h" />
    <ClInclude Include="Resources.h" />
    <ClInclude Include="CUIElement.h" />
    <ClInclude Include="DUIElement.h" />
    <ClInclude Include="UIElement.h" />
    <ClInclude Include="FileWatcher.h" />
    <ClInclude Include="Exceptions.h" />
    <ClInclude Include="Encoding.h" />
    <ClInclude Include="PreferencesLayout.h" />
    <ClInclude Include="HostObjectImpl.h" />
    <ClInclude Include="HostObject_h.h" />
    <ClInclude Include="Support.h" />
    <ClInclude Include="Configuration.h" />
    <ClInclude Include="UIElementTracker.h" />
    <ClInclude Include="SharedBuffer.h" />
    <ClInclude Include="ProcessLocationsHandler.h" />
    <ClInclude Include="Callbacks.h" />
  </ItemGroup>
  <ItemGroup>
    <ClCompile Include="pch.cpp" />
    <ClCompile Include="Component.cpp" />
    <ClCompile Include="CUIElement.cpp" />
    <ClCompile Include="DUIElement.cpp" />
    <ClCompile Include="UIElement.cpp" />
    <ClCompile Include="WebView.cpp" />
    <ClCompile Include="FileWatcher.cpp" />
    <ClCompile Include="Exceptions.cpp" />
    <ClCompile Include="Encoding.cpp" />
    <ClCompile Include="Preferences.cpp" />
    <ClCompile Include="HostObjectImpl.cpp" />
    <ClCompile Include="HostObject_i.c" />
    <ClCompile Include="Support.cpp" />
    <ClCompile Include="Configuration.cpp" />
    <ClCompile Include="UIElementTracker.cpp" />
    <ClCompile Include="Rendering.cpp" />
    <ClCompile Include="SharedBuffer.cpp" />
    <ClCompile Include="HostObjectImplPlaylists.cpp" />
    <ClCompile Include="HostObjectImplFiles.cpp" />
    <ClCompile Include="CallbacksPlaylist.cpp" />
    <ClCompile Include="CallbacksLibrary.cpp" />
  </ItemGroup>
  <ItemGroup>
    <ResourceCompile Include="Resources.rc" />
  </ItemGroup>
  <ItemGroup>
    <None Include="cpp.hint" />
    <None Include="Build-FB2KComponent.ps1" />
    <None Include=".gitattributes" />
    <None Include=".gitignore" />
    <None Include="README.md" />
    <None Include="Template.html" />
    <None Include="packages.config" />
    <None Include="docs\README.md" />
    <None Include="PlaylistTemplate.html" />
    <None Include="FrameTemplate.html" />
    <None Include="docs\index.md" />
    <None Include="LibraryTemplate.html" />
  </ItemGroup>
  <ItemGroup>
    <Text Include="LICENSE.txt" />
  </ItemGroup>
  <ItemGroup>
    <Midl Include="HostObject.idl" />
  </ItemGroup>
  <ItemGroup>
    <Image Include="Main.ico" />
  </ItemGroup>
  <ItemGroup>
    <Natvis Include="$(MSBuildThisFileDirectory)..\..\natvis\wil.natvis" />
  </ItemGroup>
</Project>